
Microsoft Visual Studio Solution File, Format Version 11.00
# Visual Studio 2010
Project("{FAE04EC0-301F-11D3-BF4B-00C04F79EFBC}") = "RESTStudentService", "RESTStudentService\RESTStudentService.csproj", "{C4A28C8E-4938-4A27-A7C6-79704FFCC186}"
EndProject
Project("{FAE04EC0-301F-11D3-BF4B-00C04F79EFBC}") = "EFStudentDB", "EFStudentDB\EFStudentDB.csproj", "{A07B73DE-C021-4848-AD4E-BDA0A1E6456F}"
EndProject
Project("{FAE04EC0-301F-11D3-BF4B-00C04F79EFBC}") = "StudentWeb", "StudentWeb\StudentWeb.csproj", "{D3A84A46-E934-488C-B350-E7B9A93B3F4A}"
EndProject
Project("{FAE04EC0-301F-11D3-BF4B-00C04F79EFBC}") = "StudentWeb.Tests", "StudentWeb.Tests\StudentWeb.Tests.csproj", "{5E374E99-D660-4905-85E7-C001A7085AE4}"
EndProject
Project("{FAE04EC0-301F-11D3-BF4B-00C04F79EFBC}") = "Models", "Model\Models.csproj", "{6B7BF6F7-EAE4-4A37-93B9-F7414BC70EFC}"
EndProject
Project("{2150E333-8FDC-42A3-9474-1A3956D46DE8}") = "SolutionFolder", "SolutionFolder", "{66C8D773-5EDD-4F6F-9914-92A133DA41AB}"
	ProjectSection(SolutionItems) = preProject
		ErrorsNExceptions.txt = ErrorsNExceptions.txt
	EndProjectSection
EndProject
Global
	GlobalSection(SolutionConfigurationPlatforms) = preSolution
		Debug|Any CPU = Debug|Any CPU
		Debug|Mixed Platforms = Debug|Mixed Platforms
		Debug|x86 = Debug|x86
		Release|Any CPU = Release|Any CPU
		Release|Mixed Platforms = Release|Mixed Platforms
		Release|x86 = Release|x86
	EndGlobalSection
	GlobalSection(ProjectConfigurationPlatforms) = postSolution
		{C4A28C8E-4938-4A27-A7C6-79704FFCC186}.Debug|Any CPU.ActiveCfg = Debug|Any CPU
		{C4A28C8E-4938-4A27-A7C6-79704FFCC186}.Debug|Any CPU.Build.0 = Debug|Any CPU
		{C4A28C8E-4938-4A27-A7C6-79704FFCC186}.Debug|Mixed Platforms.ActiveCfg = Debug|Any CPU
		{C4A28C8E-4938-4A27-A7C6-79704FFCC186}.Debug|Mixed Platforms.Build.0 = Debug|Any CPU
		{C4A28C8E-4938-4A27-A7C6-79704FFCC186}.Debug|x86.ActiveCfg = Debug|Any CPU
		{C4A28C8E-4938-4A27-A7C6-79704FFCC186}.Release|Any CPU.ActiveCfg = Release|Any CPU
		{C4A28C8E-4938-4A27-A7C6-79704FFCC186}.Release|Any CPU.Build.0 = Release|Any CPU
		{C4A28C8E-4938-4A27-A7C6-79704FFCC186}.Release|Mixed Platforms.ActiveCfg = Release|Any CPU
		{C4A28C8E-4938-4A27-A7C6-79704FFCC186}.Release|Mixed Platforms.Build.0 = Release|Any CPU
		{C4A28C8E-4938-4A27-A7C6-79704FFCC186}.Release|x86.ActiveCfg = Release|Any CPU
		{A07B73DE-C021-4848-AD4E-BDA0A1E6456F}.Debug|Any CPU.ActiveCfg = Debug|Any CPU
		{A07B73DE-C021-4848-AD4E-BDA0A1E6456F}.Debug|Any CPU.Build.0 = Debug|Any CPU
		{A07B73DE-C021-4848-AD4E-BDA0A1E6456F}.Debug|Mixed Platforms.ActiveCfg = Debug|Any CPU
		{A07B73DE-C021-4848-AD4E-BDA0A1E6456F}.Debug|Mixed Platforms.Build.0 = Debug|Any CPU
		{A07B73DE-C021-4848-AD4E-BDA0A1E6456F}.Debug|x86.ActiveCfg = Debug|Any CPU
		{A07B73DE-C021-4848-AD4E-BDA0A1E6456F}.Release|Any CPU.ActiveCfg = Release|Any CPU
		{A07B73DE-C021-4848-AD4E-BDA0A1E6456F}.Release|Any CPU.Build.0 = Release|Any CPU
		{A07B73DE-C021-4848-AD4E-BDA0A1E6456F}.Release|Mixed Platforms.ActiveCfg = Release|Any CPU
		{A07B73DE-C021-4848-AD4E-BDA0A1E6456F}.Release|Mixed Platforms.Build.0 = Release|Any CPU
		{A07B73DE-C021-4848-AD4E-BDA0A1E6456F}.Release|x86.ActiveCfg = Release|Any CPU
		{D3A84A46-E934-488C-B350-E7B9A93B3F4A}.Debug|Any CPU.ActiveCfg = Debug|Any CPU
		{D3A84A46-E934-488C-B350-E7B9A93B3F4A}.Debug|Any CPU.Build.0 = Debug|Any CPU
		{D3A84A46-E934-488C-B350-E7B9A93B3F4A}.Debug|Mixed Platforms.ActiveCfg = Debug|Any CPU
		{D3A84A46-E934-488C-B350-E7B9A93B3F4A}.Debug|Mixed Platforms.Build.0 = Debug|Any CPU
		{D3A84A46-E934-488C-B350-E7B9A93B3F4A}.Debug|x86.ActiveCfg = Debug|Any CPU
		{D3A84A46-E934-488C-B350-E7B9A93B3F4A}.Release|Any CPU.ActiveCfg = Release|Any CPU
		{D3A84A46-E934-488C-B350-E7B9A93B3F4A}.Release|Any CPU.Build.0 = Release|Any CPU
		{D3A84A46-E934-488C-B350-E7B9A93B3F4A}.Release|Mixed Platforms.ActiveCfg = Release|Any CPU
		{D3A84A46-E934-488C-B350-E7B9A93B3F4A}.Release|Mixed Platforms.Build.0 = Release|Any CPU
		{D3A84A46-E934-488C-B350-E7B9A93B3F4A}.Release|x86.ActiveCfg = Release|Any CPU
		{5E374E99-D660-4905-85E7-C001A7085AE4}.Debug|Any CPU.ActiveCfg = Debug|Any CPU
		{5E374E99-D660-4905-85E7-C001A7085AE4}.Debug|Any CPU.Build.0 = Debug|Any CPU
		{5E374E99-D660-4905-85E7-C001A7085AE4}.Debug|Mixed Platforms.ActiveCfg = Debug|Any CPU
		{5E374E99-D660-4905-85E7-C001A7085AE4}.Debug|Mixed Platforms.Build.0 = Debug|Any CPU
		{5E374E99-D660-4905-85E7-C001A7085AE4}.Debug|x86.ActiveCfg = Debug|Any CPU
		{5E374E99-D660-4905-85E7-C001A7085AE4}.Release|Any CPU.ActiveCfg = Release|Any CPU
		{5E374E99-D660-4905-85E7-C001A7085AE4}.Release|Any CPU.Build.0 = Release|Any CPU
		{5E374E99-D660-4905-85E7-C001A7085AE4}.Release|Mixed Platforms.ActiveCfg = Release|Any CPU
		{5E374E99-D660-4905-85E7-C001A7085AE4}.Release|Mixed Platforms.Build.0 = Release|Any CPU
		{5E374E99-D660-4905-85E7-C001A7085AE4}.Release|x86.ActiveCfg = Release|Any CPU
		{6B7BF6F7-EAE4-4A37-93B9-F7414BC70EFC}.Debug|Any CPU.ActiveCfg = Debug|Any CPU
		{6B7BF6F7-EAE4-4A37-93B9-F7414BC70EFC}.Debug|Any CPU.Build.0 = Debug|Any CPU
		{6B7BF6F7-EAE4-4A37-93B9-F7414BC70EFC}.Debug|Mixed Platforms.ActiveCfg = Debug|Any CPU
		{6B7BF6F7-EAE4-4A37-93B9-F7414BC70EFC}.Debug|Mixed Platforms.Build.0 = Debug|Any CPU
		{6B7BF6F7-EAE4-4A37-93B9-F7414BC70EFC}.Debug|x86.ActiveCfg = Debug|Any CPU
		{6B7BF6F7-EAE4-4A37-93B9-F7414BC70EFC}.Release|Any CPU.ActiveCfg = Release|Any CPU
		{6B7BF6F7-EAE4-4A37-93B9-F7414BC70EFC}.Release|Any CPU.Build.0 = Release|Any CPU
		{6B7BF6F7-EAE4-4A37-93B9-F7414BC70EFC}.Release|Mixed Platforms.ActiveCfg = Release|Any CPU
		{6B7BF6F7-EAE4-4A37-93B9-F7414BC70EFC}.Release|Mixed Platforms.Build.0 = Release|Any CPU
		{6B7BF6F7-EAE4-4A37-93B9-F7414BC70EFC}.Release|x86.ActiveCfg = Release|Any CPU
	EndGlobalSection
	GlobalSection(SolutionProperties) = preSolution
		HideSolutionNode = FALSE
	EndGlobalSection
EndGlobal
